
Microsoft Visual Studio Solution File, Format Version 12.00
# Visual Studio Version 17
VisualStudioVersion = 17.14.36025.13
MinimumVisualStudioVersion = 10.0.40219.1
Project("{FAE04EC0-301F-11D3-BF4B-00C04F79EFBC}") = "SlippiTV.Server", "SlippiTV.Server\SlippiTV.Server.csproj", "{70E9556A-CE74-4069-8913-921B20F9B1E4}"
EndProject
Project("{FAE04EC0-301F-11D3-BF4B-00C04F79EFBC}") = "SlippiTV.Shared", "SlippiTV.Shared\SlippiTV.Shared.csproj", "{16B5E957-3253-4602-AC9E-A286875D0642}"
EndProject
Project("{FAE04EC0-301F-11D3-BF4B-00C04F79EFBC}") = "SlippiTV.Client", "SlippiTV.Client\SlippiTV.Client\SlippiTV.Client.csproj", "{E443C186-480D-47EC-91B1-BD48977FE3D9}"
EndProject
Project("{FAE04EC0-301F-11D3-BF4B-00C04F79EFBC}") = "SlippiTV.Client.WinUI", "SlippiTV.Client\SlippiTV.Client.WinUI\SlippiTV.Client.WinUI.csproj", "{8E3F43A9-F42D-41E7-B4EF-D6B7025A6F98}"
EndProject
Project("{FAE04EC0-301F-11D3-BF4B-00C04F79EFBC}") = "Slippi.NET", "..\Slippi.NET\src\Slippi.NET\Slippi.NET.csproj", "{AECA9562-57F1-25D1-112B-0C487EB114DF}"
EndProject
Project("{8BC9CEB8-8B4A-11D0-8D11-00A0C91BC942}") = "DolphinENet", "..\Slippi.NET\src\DolphinENet\DolphinENet.vcxproj", "{61DE1493-CC9D-451C-B1C4-17DCCAB29CE1}"
EndProject
Global
	GlobalSection(SolutionConfigurationPlatforms) = preSolution
		Debug|Any CPU = Debug|Any CPU
		Debug|x64 = Debug|x64
		Debug|x86 = Debug|x86
		Release|Any CPU = Release|Any CPU
		Release|x64 = Release|x64
		Release|x86 = Release|x86
	EndGlobalSection
	GlobalSection(ProjectConfigurationPlatforms) = postSolution
		{70E9556A-CE74-4069-8913-921B20F9B1E4}.Debug|Any CPU.ActiveCfg = Debug|Any CPU
		{70E9556A-CE74-4069-8913-921B20F9B1E4}.Debug|Any CPU.Build.0 = Debug|Any CPU
		{70E9556A-CE74-4069-8913-921B20F9B1E4}.Debug|x64.ActiveCfg = Debug|Any CPU
		{70E9556A-CE74-4069-8913-921B20F9B1E4}.Debug|x64.Build.0 = Debug|Any CPU
		{70E9556A-CE74-4069-8913-921B20F9B1E4}.Debug|x86.ActiveCfg = Debug|Any CPU
		{70E9556A-CE74-4069-8913-921B20F9B1E4}.Debug|x86.Build.0 = Debug|Any CPU
		{70E9556A-CE74-4069-8913-921B20F9B1E4}.Release|Any CPU.ActiveCfg = Release|Any CPU
		{70E9556A-CE74-4069-8913-921B20F9B1E4}.Release|Any CPU.Build.0 = Release|Any CPU
		{70E9556A-CE74-4069-8913-921B20F9B1E4}.Release|x64.ActiveCfg = Release|Any CPU
		{70E9556A-CE74-4069-8913-921B20F9B1E4}.Release|x64.Build.0 = Release|Any CPU
		{70E9556A-CE74-4069-8913-921B20F9B1E4}.Release|x86.ActiveCfg = Release|Any CPU
		{70E9556A-CE74-4069-8913-921B20F9B1E4}.Release|x86.Build.0 = Release|Any CPU
		{16B5E957-3253-4602-AC9E-A286875D0642}.Debug|Any CPU.ActiveCfg = Debug|Any CPU
		{16B5E957-3253-4602-AC9E-A286875D0642}.Debug|Any CPU.Build.0 = Debug|Any CPU
		{16B5E957-3253-4602-AC9E-A286875D0642}.Debug|x64.ActiveCfg = Debug|Any CPU
		{16B5E957-3253-4602-AC9E-A286875D0642}.Debug|x64.Build.0 = Debug|Any CPU
		{16B5E957-3253-4602-AC9E-A286875D0642}.Debug|x86.ActiveCfg = Debug|Any CPU
		{16B5E957-3253-4602-AC9E-A286875D0642}.Debug|x86.Build.0 = Debug|Any CPU
		{16B5E957-3253-4602-AC9E-A286875D0642}.Release|Any CPU.ActiveCfg = Release|Any CPU
		{16B5E957-3253-4602-AC9E-A286875D0642}.Release|Any CPU.Build.0 = Release|Any CPU
		{16B5E957-3253-4602-AC9E-A286875D0642}.Release|x64.ActiveCfg = Release|Any CPU
		{16B5E957-3253-4602-AC9E-A286875D0642}.Release|x64.Build.0 = Release|Any CPU
		{16B5E957-3253-4602-AC9E-A286875D0642}.Release|x86.ActiveCfg = Release|Any CPU
		{16B5E957-3253-4602-AC9E-A286875D0642}.Release|x86.Build.0 = Release|Any CPU
		{E443C186-480D-47EC-91B1-BD48977FE3D9}.Debug|Any CPU.ActiveCfg = Debug|Any CPU
		{E443C186-480D-47EC-91B1-BD48977FE3D9}.Debug|Any CPU.Build.0 = Debug|Any CPU
		{E443C186-480D-47EC-91B1-BD48977FE3D9}.Debug|x64.ActiveCfg = Debug|Any CPU
		{E443C186-480D-47EC-91B1-BD48977FE3D9}.Debug|x64.Build.0 = Debug|Any CPU
		{E443C186-480D-47EC-91B1-BD48977FE3D9}.Debug|x86.ActiveCfg = Debug|Any CPU
		{E443C186-480D-47EC-91B1-BD48977FE3D9}.Debug|x86.Build.0 = Debug|Any CPU
		{E443C186-480D-47EC-91B1-BD48977FE3D9}.Release|Any CPU.ActiveCfg = Release|Any CPU
		{E443C186-480D-47EC-91B1-BD48977FE3D9}.Release|Any CPU.Build.0 = Release|Any CPU
		{E443C186-480D-47EC-91B1-BD48977FE3D9}.Release|x64.ActiveCfg = Release|Any CPU
		{E443C186-480D-47EC-91B1-BD48977FE3D9}.Release|x64.Build.0 = Release|Any CPU
		{E443C186-480D-47EC-91B1-BD48977FE3D9}.Release|x86.ActiveCfg = Release|Any CPU
		{E443C186-480D-47EC-91B1-BD48977FE3D9}.Release|x86.Build.0 = Release|Any CPU
		{8E3F43A9-F42D-41E7-B4EF-D6B7025A6F98}.Debug|Any CPU.ActiveCfg = Debug|x64
		{8E3F43A9-F42D-41E7-B4EF-D6B7025A6F98}.Debug|Any CPU.Build.0 = Debug|x64
		{8E3F43A9-F42D-41E7-B4EF-D6B7025A6F98}.Debug|x64.ActiveCfg = Debug|x64
		{8E3F43A9-F42D-41E7-B4EF-D6B7025A6F98}.Debug|x64.Build.0 = Debug|x64
		{8E3F43A9-F42D-41E7-B4EF-D6B7025A6F98}.Debug|x86.ActiveCfg = Debug|x86
		{8E3F43A9-F42D-41E7-B4EF-D6B7025A6F98}.Debug|x86.Build.0 = Debug|x86
		{8E3F43A9-F42D-41E7-B4EF-D6B7025A6F98}.Release|Any CPU.ActiveCfg = Release|x64
		{8E3F43A9-F42D-41E7-B4EF-D6B7025A6F98}.Release|Any CPU.Build.0 = Release|x64
		{8E3F43A9-F42D-41E7-B4EF-D6B7025A6F98}.Release|x64.ActiveCfg = Release|x64
		{8E3F43A9-F42D-41E7-B4EF-D6B7025A6F98}.Release|x64.Build.0 = Release|x64
		{8E3F43A9-F42D-41E7-B4EF-D6B7025A6F98}.Release|x86.ActiveCfg = Release|x86
		{8E3F43A9-F42D-41E7-B4EF-D6B7025A6F98}.Release|x86.Build.0 = Release|x86
		{AECA9562-57F1-25D1-112B-0C487EB114DF}.Debug|Any CPU.ActiveCfg = Debug|Any CPU
		{AECA9562-57F1-25D1-112B-0C487EB114DF}.Debug|Any CPU.Build.0 = Debug|Any CPU
		{AECA9562-57F1-25D1-112B-0C487EB114DF}.Debug|x64.ActiveCfg = Debug|Any CPU
		{AECA9562-57F1-25D1-112B-0C487EB114DF}.Debug|x64.Build.0 = Debug|Any CPU
		{AECA9562-57F1-25D1-112B-0C487EB114DF}.Debug|x86.ActiveCfg = Debug|Any CPU
		{AECA9562-57F1-25D1-112B-0C487EB114DF}.Debug|x86.Build.0 = Debug|Any CPU
		{AECA9562-57F1-25D1-112B-0C487EB114DF}.Release|Any CPU.ActiveCfg = Release|Any CPU
		{AECA9562-57F1-25D1-112B-0C487EB114DF}.Release|Any CPU.Build.0 = Release|Any CPU
		{AECA9562-57F1-25D1-112B-0C487EB114DF}.Release|x64.ActiveCfg = Release|Any CPU
		{AECA9562-57F1-25D1-112B-0C487EB114DF}.Release|x64.Build.0 = Release|Any CPU
		{AECA9562-57F1-25D1-112B-0C487EB114DF}.Release|x86.ActiveCfg = Release|Any CPU
		{AECA9562-57F1-25D1-112B-0C487EB114DF}.Release|x86.Build.0 = Release|Any CPU
		{61DE1493-CC9D-451C-B1C4-17DCCAB29CE1}.Debug|Any CPU.ActiveCfg = Debug|x64
		{61DE1493-CC9D-451C-B1C4-17DCCAB29CE1}.Debug|Any CPU.Build.0 = Debug|x64
		{61DE1493-CC9D-451C-B1C4-17DCCAB29CE1}.Debug|x64.ActiveCfg = Debug|x64
		{61DE1493-CC9D-451C-B1C4-17DCCAB29CE1}.Debug|x64.Build.0 = Debug|x64
		{61DE1493-CC9D-451C-B1C4-17DCCAB29CE1}.Debug|x86.ActiveCfg = Debug|Win32
		{61DE1493-CC9D-451C-B1C4-17DCCAB29CE1}.Debug|x86.Build.0 = Debug|Win32
		{61DE1493-CC9D-451C-B1C4-17DCCAB29CE1}.Release|Any CPU.ActiveCfg = Release|x64
		{61DE1493-CC9D-451C-B1C4-17DCCAB29CE1}.Release|Any CPU.Build.0 = Release|x64
		{61DE1493-CC9D-451C-B1C4-17DCCAB29CE1}.Release|x64.ActiveCfg = Release|x64
		{61DE1493-CC9D-451C-B1C4-17DCCAB29CE1}.Release|x64.Build.0 = Release|x64
		{61DE1493-CC9D-451C-B1C4-17DCCAB29CE1}.Release|x86.ActiveCfg = Release|Win32
		{61DE1493-CC9D-451C-B1C4-17DCCAB29CE1}.Release|x86.Build.0 = Release|Win32
	EndGlobalSection
	GlobalSection(SolutionProperties) = preSolution
		HideSolutionNode = FALSE
	EndGlobalSection
	GlobalSection(ExtensibilityGlobals) = postSolution
		SolutionGuid = {E2F29BB9-F4E0-4DA3-8B40-37D4851B2709}
	EndGlobalSection
EndGlobal
